
Microsoft Visual Studio Solution File, Format Version 12.00
Project("{FAE04EC0-301F-11D3-BF4B-00C04F79EFBC}") = "AAT_calcs", "AAT_calcs\AAT_calcs.csproj", "{0125CCAF-3F9F-47A3-8D5C-CCF84DC844CF}"
EndProject
Project("{FAE04EC0-301F-11D3-BF4B-00C04F79EFBC}") = "Calculations", "Calculations\Calculations.csproj", "{D7D88E6E-0D73-4BD0-B76E-6117AD9A3ADC}"
EndProject
Global
	GlobalSection(SolutionConfigurationPlatforms) = preSolution
		Debug|Any CPU = Debug|Any CPU
		Release|Any CPU = Release|Any CPU
	EndGlobalSection
	GlobalSection(ProjectConfigurationPlatforms) = postSolution
		{0125CCAF-3F9F-47A3-8D5C-CCF84DC844CF}.Debug|Any CPU.ActiveCfg = Debug|Any CPU
		{0125CCAF-3F9F-47A3-8D5C-CCF84DC844CF}.Debug|Any CPU.Build.0 = Debug|Any CPU
		{0125CCAF-3F9F-47A3-8D5C-CCF84DC844CF}.Release|Any CPU.ActiveCfg = Release|Any CPU
		{0125CCAF-3F9F-47A3-8D5C-CCF84DC844CF}.Release|Any CPU.Build.0 = Release|Any CPU
		{D7D88E6E-0D73-4BD0-B76E-6117AD9A3ADC}.Debug|Any CPU.ActiveCfg = Debug|Any CPU
		{D7D88E6E-0D73-4BD0-B76E-6117AD9A3ADC}.Debug|Any CPU.Build.0 = Debug|Any CPU
		{D7D88E6E-0D73-4BD0-B76E-6117AD9A3ADC}.Release|Any CPU.ActiveCfg = Release|Any CPU
		{D7D88E6E-0D73-4BD0-B76E-6117AD9A3ADC}.Release|Any CPU.Build.0 = Release|Any CPU
	EndGlobalSection
EndGlobal
